
Microsoft Visual Studio Solution File, Format Version 9.00
# Visual Studio 2005
Project("{FAE04EC0-301F-11D3-BF4B-00C04F79EFBC}") = "DETAI", "DETAI\DETAI.csproj", "{8755BCF6-B321-4475-983D-DE47946997EA}"
EndProject
Global
	GlobalSection(SolutionConfigurationPlatforms) = preSolution
		Debug|Any CPU = Debug|Any CPU
		Release|Any CPU = Release|Any CPU
	EndGlobalSection
	GlobalSection(ProjectConfigurationPlatforms) = postSolution
		{8755BCF6-B321-4475-983D-DE47946997EA}.Debug|Any CPU.ActiveCfg = Debug|Any CPU
		{8755BCF6-B321-4475-983D-DE47946997EA}.Debug|Any CPU.Build.0 = Debug|Any CPU
		{8755BCF6-B321-4475-983D-DE47946997EA}.Release|Any CPU.ActiveCfg = Release|Any CPU
		{8755BCF6-B321-4475-983D-DE47946997EA}.Release|Any CPU.Build.0 = Release|Any CPU
	EndGlobalSection
	GlobalSection(SolutionProperties) = preSolution
		HideSolutionNode = FALSE
	EndGlobalSection
EndGlobal
