
Microsoft Visual Studio Solution File, Format Version 9.00
# Visual Studio 2005
Project("{FAE04EC0-301F-11D3-BF4B-00C04F79EFBC}") = "Manager Fortunes", "Manager Fortunes\Manager Fortunes.csproj", "{CE72FBE8-6C54-489A-B919-93F97FF8D456}"
EndProject
Global
	GlobalSection(SolutionConfigurationPlatforms) = preSolution
		Debug|Any CPU = Debug|Any CPU
		Release|Any CPU = Release|Any CPU
	EndGlobalSection
	GlobalSection(ProjectConfigurationPlatforms) = postSolution
		{CE72FBE8-6C54-489A-B919-93F97FF8D456}.Debug|Any CPU.ActiveCfg = Debug|Any CPU
		{CE72FBE8-6C54-489A-B919-93F97FF8D456}.Debug|Any CPU.Build.0 = Debug|Any CPU
		{CE72FBE8-6C54-489A-B919-93F97FF8D456}.Release|Any CPU.ActiveCfg = Release|Any CPU
		{CE72FBE8-6C54-489A-B919-93F97FF8D456}.Release|Any CPU.Build.0 = Release|Any CPU
	EndGlobalSection
	GlobalSection(SolutionProperties) = preSolution
		HideSolutionNode = FALSE
	EndGlobalSection
EndGlobal
