
Microsoft Visual Studio Solution File, Format Version 10.00
# Visual Studio 2008
Project("{FAE04EC0-301F-11D3-BF4B-00C04F79EFBC}") = "DormitoryManagement", "DormitoryManagement\DormitoryManagement.csproj", "{4E52C7A5-13C6-42E1-87E1-969F9C5B0785}"
EndProject
Global
	GlobalSection(SolutionConfigurationPlatforms) = preSolution
		Debug|Any CPU = Debug|Any CPU
		Release|Any CPU = Release|Any CPU
	EndGlobalSection
	GlobalSection(ProjectConfigurationPlatforms) = postSolution
		{4E52C7A5-13C6-42E1-87E1-969F9C5B0785}.Debug|Any CPU.ActiveCfg = Debug|Any CPU
		{4E52C7A5-13C6-42E1-87E1-969F9C5B0785}.Debug|Any CPU.Build.0 = Debug|Any CPU
		{4E52C7A5-13C6-42E1-87E1-969F9C5B0785}.Release|Any CPU.ActiveCfg = Release|Any CPU
		{4E52C7A5-13C6-42E1-87E1-969F9C5B0785}.Release|Any CPU.Build.0 = Release|Any CPU
	EndGlobalSection
	GlobalSection(SolutionProperties) = preSolution
		HideSolutionNode = FALSE
	EndGlobalSection
EndGlobal
