
Microsoft Visual Studio Solution File, Format Version 10.00
# Visual Studio 2008
Project("{FAE04EC0-301F-11D3-BF4B-00C04F79EFBC}") = "ManagementSASI", "ManagementSASI\ManagementSASI.csproj", "{07928DF0-B94E-4A9C-96BA-3E5443CB8BBF}"
EndProject
Global
	GlobalSection(SolutionConfigurationPlatforms) = preSolution
		Debug|Any CPU = Debug|Any CPU
		Release|Any CPU = Release|Any CPU
	EndGlobalSection
	GlobalSection(ProjectConfigurationPlatforms) = postSolution
		{07928DF0-B94E-4A9C-96BA-3E5443CB8BBF}.Debug|Any CPU.ActiveCfg = Debug|Any CPU
		{07928DF0-B94E-4A9C-96BA-3E5443CB8BBF}.Debug|Any CPU.Build.0 = Debug|Any CPU
		{07928DF0-B94E-4A9C-96BA-3E5443CB8BBF}.Release|Any CPU.ActiveCfg = Release|Any CPU
		{07928DF0-B94E-4A9C-96BA-3E5443CB8BBF}.Release|Any CPU.Build.0 = Release|Any CPU
	EndGlobalSection
	GlobalSection(SolutionProperties) = preSolution
		HideSolutionNode = FALSE
	EndGlobalSection
EndGlobal
